// !$*UTF8*$!
{
	archiveVersion = 1;
	classes = {
	};
	objectVersion = 56;
	objects = {

/* Begin PBXBuildFile section */
		03C76C7F299521D800A638E7 /* PartyFormField.swift in Sources */ = {isa = PBXBuildFile; fileRef = 03C76C7E299521D800A638E7 /* PartyFormField.swift */; };
		03C76C81299522C700A638E7 /* FormField.swift in Sources */ = {isa = PBXBuildFile; fileRef = 03C76C80299522C700A638E7 /* FormField.swift */; };
		03C76C8329952FF600A638E7 /* DateTimeFormField.swift in Sources */ = {isa = PBXBuildFile; fileRef = 03C76C8229952FF600A638E7 /* DateTimeFormField.swift */; };
		03C76C8629955C7B00A638E7 /* NameFormField.swift in Sources */ = {isa = PBXBuildFile; fileRef = 03C76C8529955C7B00A638E7 /* NameFormField.swift */; };
		03C76C8829955F2C00A638E7 /* PhoneFormField.swift in Sources */ = {isa = PBXBuildFile; fileRef = 03C76C8729955F2B00A638E7 /* PhoneFormField.swift */; };
		03C76C8A2995617200A638E7 /* EmailFormField.swift in Sources */ = {isa = PBXBuildFile; fileRef = 03C76C892995617200A638E7 /* EmailFormField.swift */; };
		03C76C8C2995874200A638E7 /* ReservationView.swift in Sources */ = {isa = PBXBuildFile; fileRef = 03C76C8B2995874100A638E7 /* ReservationView.swift */; };
		03C76C902995886500A638E7 /* Reservation.swift in Sources */ = {isa = PBXBuildFile; fileRef = 03C76C8F2995886400A638E7 /* Reservation.swift */; };
		03C76C94299588B000A638E7 /* RestaurantLocation.swift in Sources */ = {isa = PBXBuildFile; fileRef = 03C76C93299588B000A638E7 /* RestaurantLocation.swift */; };
		03F4B8AD29941A6500FA9DDD /* Little_LemonApp.swift in Sources */ = {isa = PBXBuildFile; fileRef = 03F4B8AC29941A6500FA9DDD /* Little_LemonApp.swift */; };
		03F4B8AF29941A6500FA9DDD /* ContentView.swift in Sources */ = {isa = PBXBuildFile; fileRef = 03F4B8AE29941A6500FA9DDD /* ContentView.swift */; };
		03F4B8B129941A6600FA9DDD /* Assets.xcassets in Resources */ = {isa = PBXBuildFile; fileRef = 03F4B8B029941A6600FA9DDD /* Assets.xcassets */; };
		03F4B8B429941A6600FA9DDD /* Preview Assets.xcassets in Resources */ = {isa = PBXBuildFile; fileRef = 03F4B8B329941A6600FA9DDD /* Preview Assets.xcassets */; };
		03F4B8C229941E1E00FA9DDD /* LittleLemonLogo.swift in Sources */ = {isa = PBXBuildFile; fileRef = 03F4B8C129941E1E00FA9DDD /* LittleLemonLogo.swift */; };
		03F4B8C52994207900FA9DDD /* LocationsView.swift in Sources */ = {isa = PBXBuildFile; fileRef = 03F4B8C42994207900FA9DDD /* LocationsView.swift */; };
		03F4B8C7299421E200FA9DDD /* MainView.swift in Sources */ = {isa = PBXBuildFile; fileRef = 03F4B8C6299421E200FA9DDD /* MainView.swift */; };
		03F4B8C92994229300FA9DDD /* Model.swift in Sources */ = {isa = PBXBuildFile; fileRef = 03F4B8C82994229300FA9DDD /* Model.swift */; };
		03F4B8CB2994291500FA9DDD /* RestaurantLocationView.swift in Sources */ = {isa = PBXBuildFile; fileRef = 03F4B8CA2994291500FA9DDD /* RestaurantLocationView.swift */; };
		03F4B8CD29942AC900FA9DDD /* ReservationForm.swift in Sources */ = {isa = PBXBuildFile; fileRef = 03F4B8CC29942AC900FA9DDD /* ReservationForm.swift */; };
/* End PBXBuildFile section */

/* Begin PBXFileReference section */
		03C76C7E299521D800A638E7 /* PartyFormField.swift */ = {isa = PBXFileReference; lastKnownFileType = sourcecode.swift; path = PartyFormField.swift; sourceTree = "<group>"; };
		03C76C80299522C700A638E7 /* FormField.swift */ = {isa = PBXFileReference; lastKnownFileType = sourcecode.swift; path = FormField.swift; sourceTree = "<group>"; };
		03C76C8229952FF600A638E7 /* DateTimeFormField.swift */ = {isa = PBXFileReference; lastKnownFileType = sourcecode.swift; path = DateTimeFormField.swift; sourceTree = "<group>"; };
		03C76C8529955C7B00A638E7 /* NameFormField.swift */ = {isa = PBXFileReference; lastKnownFileType = sourcecode.swift; path = NameFormField.swift; sourceTree = "<group>"; };
		03C76C8729955F2B00A638E7 /* PhoneFormField.swift */ = {isa = PBXFileReference; lastKnownFileType = sourcecode.swift; path = PhoneFormField.swift; sourceTree = "<group>"; };
		03C76C892995617200A638E7 /* EmailFormField.swift */ = {isa = PBXFileReference; lastKnownFileType = sourcecode.swift; path = EmailFormField.swift; sourceTree = "<group>"; };
		03C76C8B2995874100A638E7 /* ReservationView.swift */ = {isa = PBXFileReference; lastKnownFileType = sourcecode.swift; path = ReservationView.swift; sourceTree = "<group>"; };
		03C76C8F2995886400A638E7 /* Reservation.swift */ = {isa = PBXFileReference; fileEncoding = 4; lastKnownFileType = sourcecode.swift; path = Reservation.swift; sourceTree = "<group>"; };
		03C76C93299588B000A638E7 /* RestaurantLocation.swift */ = {isa = PBXFileReference; lastKnownFileType = sourcecode.swift; path = RestaurantLocation.swift; sourceTree = "<group>"; };
		03F4B8A929941A6500FA9DDD /* Little Lemon.app */ = {isa = PBXFileReference; explicitFileType = wrapper.application; includeInIndex = 0; path = "Little Lemon.app"; sourceTree = BUILT_PRODUCTS_DIR; };
		03F4B8AC29941A6500FA9DDD /* Little_LemonApp.swift */ = {isa = PBXFileReference; lastKnownFileType = sourcecode.swift; path = Little_LemonApp.swift; sourceTree = "<group>"; };
		03F4B8AE29941A6500FA9DDD /* ContentView.swift */ = {isa = PBXFileReference; lastKnownFileType = sourcecode.swift; path = ContentView.swift; sourceTree = "<group>"; };
		03F4B8B029941A6600FA9DDD /* Assets.xcassets */ = {isa = PBXFileReference; lastKnownFileType = folder.assetcatalog; path = Assets.xcassets; sourceTree = "<group>"; };
		03F4B8B329941A6600FA9DDD /* Preview Assets.xcassets */ = {isa = PBXFileReference; lastKnownFileType = folder.assetcatalog; path = "Preview Assets.xcassets"; sourceTree = "<group>"; };
		03F4B8C129941E1E00FA9DDD /* LittleLemonLogo.swift */ = {isa = PBXFileReference; lastKnownFileType = sourcecode.swift; path = LittleLemonLogo.swift; sourceTree = "<group>"; };
		03F4B8C42994207900FA9DDD /* LocationsView.swift */ = {isa = PBXFileReference; lastKnownFileType = sourcecode.swift; path = LocationsView.swift; sourceTree = "<group>"; };
		03F4B8C6299421E200FA9DDD /* MainView.swift */ = {isa = PBXFileReference; lastKnownFileType = sourcecode.swift; path = MainView.swift; sourceTree = "<group>"; };
		03F4B8C82994229300FA9DDD /* Model.swift */ = {isa = PBXFileReference; lastKnownFileType = sourcecode.swift; path = Model.swift; sourceTree = "<group>"; };
		03F4B8CA2994291500FA9DDD /* RestaurantLocationView.swift */ = {isa = PBXFileReference; lastKnownFileType = sourcecode.swift; path = RestaurantLocationView.swift; sourceTree = "<group>"; };
		03F4B8CC29942AC900FA9DDD /* ReservationForm.swift */ = {isa = PBXFileReference; lastKnownFileType = sourcecode.swift; path = ReservationForm.swift; sourceTree = "<group>"; };
/* End PBXFileReference section */

/* Begin PBXFrameworksBuildPhase section */
		03F4B8A629941A6500FA9DDD /* Frameworks */ = {
			isa = PBXFrameworksBuildPhase;
			buildActionMask = 2147483647;
			files = (
			);
			runOnlyForDeploymentPostprocessing = 0;
		};
/* End PBXFrameworksBuildPhase section */

/* Begin PBXGroup section */
		03C76C7D299521BE00A638E7 /* ReservationForm */ = {
			isa = PBXGroup;
			children = (
				03F4B8CC29942AC900FA9DDD /* ReservationForm.swift */,
				03C76C7E299521D800A638E7 /* PartyFormField.swift */,
				03C76C8229952FF600A638E7 /* DateTimeFormField.swift */,
				03C76C8529955C7B00A638E7 /* NameFormField.swift */,
				03C76C8729955F2B00A638E7 /* PhoneFormField.swift */,
				03C76C892995617200A638E7 /* EmailFormField.swift */,
			);
			path = ReservationForm;
			sourceTree = "<group>";
		};
		03C76C8D2995877400A638E7 /* Services */ = {
			isa = PBXGroup;
			children = (
				03F4B8C82994229300FA9DDD /* Model.swift */,
			);
			path = Services;
			sourceTree = "<group>";
		};
		03C76C8E2995879100A638E7 /* Components */ = {
			isa = PBXGroup;
			children = (
				03F4B8CA2994291500FA9DDD /* RestaurantLocationView.swift */,
				03F4B8C129941E1E00FA9DDD /* LittleLemonLogo.swift */,
				03C76C80299522C700A638E7 /* FormField.swift */,
			);
			path = Components;
			sourceTree = "<group>";
		};
		03C76C912995887600A638E7 /* Domain */ = {
			isa = PBXGroup;
			children = (
				03C76C922995888900A638E7 /* Entities */,
			);
			path = Domain;
			sourceTree = "<group>";
		};
		03C76C922995888900A638E7 /* Entities */ = {
			isa = PBXGroup;
			children = (
				03C76C8F2995886400A638E7 /* Reservation.swift */,
				03C76C93299588B000A638E7 /* RestaurantLocation.swift */,
			);
			path = Entities;
			sourceTree = "<group>";
		};
		03F4B8A029941A6500FA9DDD = {
			isa = PBXGroup;
			children = (
				03F4B8AB29941A6500FA9DDD /* Little Lemon */,
				03F4B8AA29941A6500FA9DDD /* Products */,
			);
			sourceTree = "<group>";
		};
		03F4B8AA29941A6500FA9DDD /* Products */ = {
			isa = PBXGroup;
			children = (
				03F4B8A929941A6500FA9DDD /* Little Lemon.app */,
			);
			name = Products;
			sourceTree = "<group>";
		};
		03F4B8AB29941A6500FA9DDD /* Little Lemon */ = {
			isa = PBXGroup;
			children = (
				03F4B8BA29941BAD00FA9DDD /* Support */,
				03F4B8BC29941BD500FA9DDD /* Resources */,
				03F4B8BD29941BF000FA9DDD /* Application */,
				03F4B8BB29941BB900FA9DDD /* Presentation */,
				03C76C912995887600A638E7 /* Domain */,
				03F4B8AE29941A6500FA9DDD /* ContentView.swift */,
				03F4B8B229941A6600FA9DDD /* Preview Content */,
			);
			path = "Little Lemon";
			sourceTree = "<group>";
		};
		03F4B8B229941A6600FA9DDD /* Preview Content */ = {
			isa = PBXGroup;
			children = (
				03F4B8B329941A6600FA9DDD /* Preview Assets.xcassets */,
			);
			path = "Preview Content";
			sourceTree = "<group>";
		};
		03F4B8BA29941BAD00FA9DDD /* Support */ = {
			isa = PBXGroup;
			children = (
			);
			path = Support;
			sourceTree = "<group>";
		};
		03F4B8BB29941BB900FA9DDD /* Presentation */ = {
			isa = PBXGroup;
			children = (
				03C76C8E2995879100A638E7 /* Components */,
				03C76C7D299521BE00A638E7 /* ReservationForm */,
				03C76C8B2995874100A638E7 /* ReservationView.swift */,
				03F4B8C6299421E200FA9DDD /* MainView.swift */,
				03F4B8C42994207900FA9DDD /* LocationsView.swift */,
			);
			path = Presentation;
			sourceTree = "<group>";
		};
		03F4B8BC29941BD500FA9DDD /* Resources */ = {
			isa = PBXGroup;
			children = (
				03F4B8B029941A6600FA9DDD /* Assets.xcassets */,
			);
			path = Resources;
			sourceTree = "<group>";
		};
		03F4B8BD29941BF000FA9DDD /* Application */ = {
			isa = PBXGroup;
			children = (
				03F4B8AC29941A6500FA9DDD /* Little_LemonApp.swift */,
				03C76C8D2995877400A638E7 /* Services */,
			);
			path = Application;
			sourceTree = "<group>";
		};
/* End PBXGroup section */

/* Begin PBXNativeTarget section */
		03F4B8A829941A6500FA9DDD /* Little Lemon */ = {
			isa = PBXNativeTarget;
			buildConfigurationList = 03F4B8B729941A6600FA9DDD /* Build configuration list for PBXNativeTarget "Little Lemon" */;
			buildPhases = (
				03F4B8A529941A6500FA9DDD /* Sources */,
				03F4B8A629941A6500FA9DDD /* Frameworks */,
				03F4B8A729941A6500FA9DDD /* Resources */,
			);
			buildRules = (
			);
			dependencies = (
			);
			name = "Little Lemon";
			productName = "Little Lemon";
			productReference = 03F4B8A929941A6500FA9DDD /* Little Lemon.app */;
			productType = "com.apple.product-type.application";
		};
/* End PBXNativeTarget section */

/* Begin PBXProject section */
		03F4B8A129941A6500FA9DDD /* Project object */ = {
			isa = PBXProject;
			attributes = {
				BuildIndependentTargetsInParallel = 1;
				LastSwiftUpdateCheck = 1420;
				LastUpgradeCheck = 1420;
				TargetAttributes = {
					03F4B8A829941A6500FA9DDD = {
						CreatedOnToolsVersion = 14.2;
					};
				};
			};
			buildConfigurationList = 03F4B8A429941A6500FA9DDD /* Build configuration list for PBXProject "Little Lemon" */;
			compatibilityVersion = "Xcode 14.0";
			developmentRegion = en;
			hasScannedForEncodings = 0;
			knownRegions = (
				en,
				Base,
			);
			mainGroup = 03F4B8A029941A6500FA9DDD;
			productRefGroup = 03F4B8AA29941A6500FA9DDD /* Products */;
			projectDirPath = "";
			projectRoot = "";
			targets = (
				03F4B8A829941A6500FA9DDD /* Little Lemon */,
			);
		};
/* End PBXProject section */

/* Begin PBXResourcesBuildPhase section */
		03F4B8A729941A6500FA9DDD /* Resources */ = {
			isa = PBXResourcesBuildPhase;
			buildActionMask = 2147483647;
			files = (
				03F4B8B429941A6600FA9DDD /* Preview Assets.xcassets in Resources */,
				03F4B8B129941A6600FA9DDD /* Assets.xcassets in Resources */,
			);
			runOnlyForDeploymentPostprocessing = 0;
		};
/* End PBXResourcesBuildPhase section */

/* Begin PBXSourcesBuildPhase section */
		03F4B8A529941A6500FA9DDD /* Sources */ = {
			isa = PBXSourcesBuildPhase;
			buildActionMask = 2147483647;
			files = (
				03C76C81299522C700A638E7 /* FormField.swift in Sources */,
				03C76C7F299521D800A638E7 /* PartyFormField.swift in Sources */,
				03F4B8AF29941A6500FA9DDD /* ContentView.swift in Sources */,
				03C76C8629955C7B00A638E7 /* NameFormField.swift in Sources */,
				03F4B8C52994207900FA9DDD /* LocationsView.swift in Sources */,
				03C76C8A2995617200A638E7 /* EmailFormField.swift in Sources */,
				03F4B8C229941E1E00FA9DDD /* LittleLemonLogo.swift in Sources */,
				03C76C8C2995874200A638E7 /* ReservationView.swift in Sources */,
				03C76C8829955F2C00A638E7 /* PhoneFormField.swift in Sources */,
				03C76C8329952FF600A638E7 /* DateTimeFormField.swift in Sources */,
				03F4B8C92994229300FA9DDD /* Model.swift in Sources */,
				03F4B8C7299421E200FA9DDD /* MainView.swift in Sources */,
				03F4B8AD29941A6500FA9DDD /* Little_LemonApp.swift in Sources */,
				03F4B8CD29942AC900FA9DDD /* ReservationForm.swift in Sources */,
				03C76C94299588B000A638E7 /* RestaurantLocation.swift in Sources */,
				03C76C902995886500A638E7 /* Reservation.swift in Sources */,
				03F4B8CB2994291500FA9DDD /* RestaurantLocationView.swift in Sources */,
			);
			runOnlyForDeploymentPostprocessing = 0;
		};
/* End PBXSourcesBuildPhase section */

/* Begin XCBuildConfiguration section */
		03F4B8B529941A6600FA9DDD /* Debug */ = {
			isa = XCBuildConfiguration;
			buildSettings = {
				ALWAYS_SEARCH_USER_PATHS = NO;
				CLANG_ANALYZER_NONNULL = YES;
				CLANG_ANALYZER_NUMBER_OBJECT_CONVERSION = YES_AGGRESSIVE;
				CLANG_CXX_LANGUAGE_STANDARD = "gnu++20";
				CLANG_ENABLE_MODULES = YES;
				CLANG_ENABLE_OBJC_ARC = YES;
				CLANG_ENABLE_OBJC_WEAK = YES;
				CLANG_WARN_BLOCK_CAPTURE_AUTORELEASING = YES;
				CLANG_WARN_BOOL_CONVERSION = YES;
				CLANG_WARN_COMMA = YES;
				CLANG_WARN_CONSTANT_CONVERSION = YES;
				CLANG_WARN_DEPRECATED_OBJC_IMPLEMENTATIONS = YES;
				CLANG_WARN_DIRECT_OBJC_ISA_USAGE = YES_ERROR;
				CLANG_WARN_DOCUMENTATION_COMMENTS = YES;
				CLANG_WARN_EMPTY_BODY = YES;
				CLANG_WARN_ENUM_CONVERSION = YES;
				CLANG_WARN_INFINITE_RECURSION = YES;
				CLANG_WARN_INT_CONVERSION = YES;
				CLANG_WARN_NON_LITERAL_NULL_CONVERSION = YES;
				CLANG_WARN_OBJC_IMPLICIT_RETAIN_SELF = YES;
				CLANG_WARN_OBJC_LITERAL_CONVERSION = YES;
				CLANG_WARN_OBJC_ROOT_CLASS = YES_ERROR;
				CLANG_WARN_QUOTED_INCLUDE_IN_FRAMEWORK_HEADER = YES;
				CLANG_WARN_RANGE_LOOP_ANALYSIS = YES;
				CLANG_WARN_STRICT_PROTOTYPES = YES;
				CLANG_WARN_SUSPICIOUS_MOVE = YES;
				CLANG_WARN_UNGUARDED_AVAILABILITY = YES_AGGRESSIVE;
				CLANG_WARN_UNREACHABLE_CODE = YES;
				CLANG_WARN__DUPLICATE_METHOD_MATCH = YES;
				COPY_PHASE_STRIP = NO;
				DEBUG_INFORMATION_FORMAT = dwarf;
				ENABLE_STRICT_OBJC_MSGSEND = YES;
				ENABLE_TESTABILITY = YES;
				GCC_C_LANGUAGE_STANDARD = gnu11;
				GCC_DYNAMIC_NO_PIC = NO;
				GCC_NO_COMMON_BLOCKS = YES;
				GCC_OPTIMIZATION_LEVEL = 0;
				GCC_PREPROCESSOR_DEFINITIONS = (
					"DEBUG=1",
					"$(inherited)",
				);
				GCC_WARN_64_TO_32_BIT_CONVERSION = YES;
				GCC_WARN_ABOUT_RETURN_TYPE = YES_ERROR;
				GCC_WARN_UNDECLARED_SELECTOR = YES;
				GCC_WARN_UNINITIALIZED_AUTOS = YES_AGGRESSIVE;
				GCC_WARN_UNUSED_FUNCTION = YES;
				GCC_WARN_UNUSED_VARIABLE = YES;
				IPHONEOS_DEPLOYMENT_TARGET = 16.2;
				MTL_ENABLE_DEBUG_INFO = INCLUDE_SOURCE;
				MTL_FAST_MATH = YES;
				ONLY_ACTIVE_ARCH = YES;
				SDKROOT = iphoneos;
				SWIFT_ACTIVE_COMPILATION_CONDITIONS = DEBUG;
				SWIFT_OPTIMIZATION_LEVEL = "-Onone";
			};
			name = Debug;
		};
		03F4B8B629941A6600FA9DDD /* Release */ = {
			isa = XCBuildConfiguration;
			buildSettings = {
				ALWAYS_SEARCH_USER_PATHS = NO;
				CLANG_ANALYZER_NONNULL = YES;
				CLANG_ANALYZER_NUMBER_OBJECT_CONVERSION = YES_AGGRESSIVE;
				CLANG_CXX_LANGUAGE_STANDARD = "gnu++20";
				CLANG_ENABLE_MODULES = YES;
				CLANG_ENABLE_OBJC_ARC = YES;
				CLANG_ENABLE_OBJC_WEAK = YES;
				CLANG_WARN_BLOCK_CAPTURE_AUTORELEASING = YES;
				CLANG_WARN_BOOL_CONVERSION = YES;
				CLANG_WARN_COMMA = YES;
				CLANG_WARN_CONSTANT_CONVERSION = YES;
				CLANG_WARN_DEPRECATED_OBJC_IMPLEMENTATIONS = YES;
				CLANG_WARN_DIRECT_OBJC_ISA_USAGE = YES_ERROR;
				CLANG_WARN_DOCUMENTATION_COMMENTS = YES;
				CLANG_WARN_EMPTY_BODY = YES;
				CLANG_WARN_ENUM_CONVERSION = YES;
				CLANG_WARN_INFINITE_RECURSION = YES;
				CLANG_WARN_INT_CONVERSION = YES;
				CLANG_WARN_NON_LITERAL_NULL_CONVERSION = YES;
				CLANG_WARN_OBJC_IMPLICIT_RETAIN_SELF = YES;
				CLANG_WARN_OBJC_LITERAL_CONVERSION = YES;
				CLANG_WARN_OBJC_ROOT_CLASS = YES_ERROR;
				CLANG_WARN_QUOTED_INCLUDE_IN_FRAMEWORK_HEADER = YES;
				CLANG_WARN_RANGE_LOOP_ANALYSIS = YES;
				CLANG_WARN_STRICT_PROTOTYPES = YES;
				CLANG_WARN_SUSPICIOUS_MOVE = YES;
				CLANG_WARN_UNGUARDED_AVAILABILITY = YES_AGGRESSIVE;
				CLANG_WARN_UNREACHABLE_CODE = YES;
				CLANG_WARN__DUPLICATE_METHOD_MATCH = YES;
				COPY_PHASE_STRIP = NO;
				DEBUG_INFORMATION_FORMAT = "dwarf-with-dsym";
				ENABLE_NS_ASSERTIONS = NO;
				ENABLE_STRICT_OBJC_MSGSEND = YES;
				GCC_C_LANGUAGE_STANDARD = gnu11;
				GCC_NO_COMMON_BLOCKS = YES;
				GCC_WARN_64_TO_32_BIT_CONVERSION = YES;
				GCC_WARN_ABOUT_RETURN_TYPE = YES_ERROR;
				GCC_WARN_UNDECLARED_SELECTOR = YES;
				GCC_WARN_UNINITIALIZED_AUTOS = YES_AGGRESSIVE;
				GCC_WARN_UNUSED_FUNCTION = YES;
				GCC_WARN_UNUSED_VARIABLE = YES;
				IPHONEOS_DEPLOYMENT_TARGET = 16.2;
				MTL_ENABLE_DEBUG_INFO = NO;
				MTL_FAST_MATH = YES;
				SDKROOT = iphoneos;
				SWIFT_COMPILATION_MODE = wholemodule;
				SWIFT_OPTIMIZATION_LEVEL = "-O";
				VALIDATE_PRODUCT = YES;
			};
			name = Release;
		};
		03F4B8B829941A6600FA9DDD /* Debug */ = {
			isa = XCBuildConfiguration;
			buildSettings = {
				ASSETCATALOG_COMPILER_APPICON_NAME = AppIcon;
				ASSETCATALOG_COMPILER_GLOBAL_ACCENT_COLOR_NAME = AccentColor;
				CODE_SIGN_STYLE = Automatic;
				CURRENT_PROJECT_VERSION = 1;
				DEVELOPMENT_ASSET_PATHS = "\"Little Lemon/Preview Content\"";
				ENABLE_PREVIEWS = YES;
				GENERATE_INFOPLIST_FILE = YES;
				INFOPLIST_KEY_UIApplicationSceneManifest_Generation = YES;
				INFOPLIST_KEY_UIApplicationSupportsIndirectInputEvents = YES;
				INFOPLIST_KEY_UILaunchScreen_Generation = YES;
				INFOPLIST_KEY_UISupportedInterfaceOrientations_iPad = "UIInterfaceOrientationPortrait UIInterfaceOrientationPortraitUpsideDown UIInterfaceOrientationLandscapeLeft UIInterfaceOrientationLandscapeRight";
				INFOPLIST_KEY_UISupportedInterfaceOrientations_iPhone = "UIInterfaceOrientationPortrait UIInterfaceOrientationLandscapeLeft UIInterfaceOrientationLandscapeRight";
				LD_RUNPATH_SEARCH_PATHS = (
					"$(inherited)",
					"@executable_path/Frameworks",
				);
				MARKETING_VERSION = 1.0;
				PRODUCT_BUNDLE_IDENTIFIER = "littlelemon.Little-Lemon";
				PRODUCT_NAME = "$(TARGET_NAME)";
				SWIFT_EMIT_LOC_STRINGS = YES;
				SWIFT_VERSION = 5.0;
				TARGETED_DEVICE_FAMILY = "1,2";
			};
			name = Debug;
		};
		03F4B8B929941A6600FA9DDD /* Release */ = {
			isa = XCBuildConfiguration;
			buildSettings = {
				ASSETCATALOG_COMPILER_APPICON_NAME = AppIcon;
				ASSETCATALOG_COMPILER_GLOBAL_ACCENT_COLOR_NAME = AccentColor;
				CODE_SIGN_STYLE = Automatic;
				CURRENT_PROJECT_VERSION = 1;
				DEVELOPMENT_ASSET_PATHS = "\"Little Lemon/Preview Content\"";
				ENABLE_PREVIEWS = YES;
				GENERATE_INFOPLIST_FILE = YES;
				INFOPLIST_KEY_UIApplicationSceneManifest_Generation = YES;
				INFOPLIST_KEY_UIApplicationSupportsIndirectInputEvents = YES;
				INFOPLIST_KEY_UILaunchScreen_Generation = YES;
				INFOPLIST_KEY_UISupportedInterfaceOrientations_iPad = "UIInterfaceOrientationPortrait UIInterfaceOrientationPortraitUpsideDown UIInterfaceOrientationLandscapeLeft UIInterfaceOrientationLandscapeRight";
				INFOPLIST_KEY_UISupportedInterfaceOrientations_iPhone = "UIInterfaceOrientationPortrait UIInterfaceOrientationLandscapeLeft UIInterfaceOrientationLandscapeRight";
				LD_RUNPATH_SEARCH_PATHS = (
					"$(inherited)",
					"@executable_path/Frameworks",
				);
				MARKETING_VERSION = 1.0;
				PRODUCT_BUNDLE_IDENTIFIER = "littlelemon.Little-Lemon";
				PRODUCT_NAME = "$(TARGET_NAME)";
				SWIFT_EMIT_LOC_STRINGS = YES;
				SWIFT_VERSION = 5.0;
				TARGETED_DEVICE_FAMILY = "1,2";
			};
			name = Release;
		};
/* End XCBuildConfiguration section */

/* Begin XCConfigurationList section */
		03F4B8A429941A6500FA9DDD /* Build configuration list for PBXProject "Little Lemon" */ = {
			isa = XCConfigurationList;
			buildConfigurations = (
				03F4B8B529941A6600FA9DDD /* Debug */,
				03F4B8B629941A6600FA9DDD /* Release */,
			);
			defaultConfigurationIsVisible = 0;
			defaultConfigurationName = Release;
		};
		03F4B8B729941A6600FA9DDD /* Build configuration list for PBXNativeTarget "Little Lemon" */ = {
			isa = XCConfigurationList;
			buildConfigurations = (
				03F4B8B829941A6600FA9DDD /* Debug */,
				03F4B8B929941A6600FA9DDD /* Release */,
			);
			defaultConfigurationIsVisible = 0;
			defaultConfigurationName = Release;
		};
/* End XCConfigurationList section */
	};
	rootObject = 03F4B8A129941A6500FA9DDD /* Project object */;
}
